
Microsoft Visual Studio Solution File, Format Version 12.00
# Visual Studio Version 17
VisualStudioVersion = 17.0.32014.148
MinimumVisualStudioVersion = 10.0.40219.1
Project("{FAE04EC0-301F-11D3-BF4B-00C04F79EFBC}") = "pythontest", "pythontest\pythontest.csproj", "{05E60AFC-2CD6-49BB-ACE6-279E5A5E2189}"
EndProject
Global
	GlobalSection(SolutionConfigurationPlatforms) = preSolution
		Debug|Any CPU = Debug|Any CPU
		Release|Any CPU = Release|Any CPU
	EndGlobalSection
	GlobalSection(ProjectConfigurationPlatforms) = postSolution
		{05E60AFC-2CD6-49BB-ACE6-279E5A5E2189}.Debug|Any CPU.ActiveCfg = Debug|Any CPU
		{05E60AFC-2CD6-49BB-ACE6-279E5A5E2189}.Debug|Any CPU.Build.0 = Debug|Any CPU
		{05E60AFC-2CD6-49BB-ACE6-279E5A5E2189}.Release|Any CPU.ActiveCfg = Release|Any CPU
		{05E60AFC-2CD6-49BB-ACE6-279E5A5E2189}.Release|Any CPU.Build.0 = Release|Any CPU
	EndGlobalSection
	GlobalSection(SolutionProperties) = preSolution
		HideSolutionNode = FALSE
	EndGlobalSection
	GlobalSection(ExtensibilityGlobals) = postSolution
		SolutionGuid = {E816FEAC-437E-44EF-90BC-62D9C0A21488}
	EndGlobalSection
EndGlobal
